
Microsoft Visual Studio Solution File, Format Version 12.00
# Visual Studio Version 16
VisualStudioVersion = 16.0.29905.134
MinimumVisualStudioVersion = 10.0.40219.1
Project("{FAE04EC0-301F-11D3-BF4B-00C04F79EFBC}") = "Cw1", "ConsoleApp1\Cw1.csproj", "{0A762787-E976-4F0D-A1C8-05794B521C06}"
EndProject
Global
	GlobalSection(SolutionConfigurationPlatforms) = preSolution
		Debug|Any CPU = Debug|Any CPU
		Release|Any CPU = Release|Any CPU
	EndGlobalSection
	GlobalSection(ProjectConfigurationPlatforms) = postSolution
		{0A762787-E976-4F0D-A1C8-05794B521C06}.Debug|Any CPU.ActiveCfg = Debug|Any CPU
		{0A762787-E976-4F0D-A1C8-05794B521C06}.Debug|Any CPU.Build.0 = Debug|Any CPU
		{0A762787-E976-4F0D-A1C8-05794B521C06}.Release|Any CPU.ActiveCfg = Release|Any CPU
		{0A762787-E976-4F0D-A1C8-05794B521C06}.Release|Any CPU.Build.0 = Release|Any CPU
	EndGlobalSection
	GlobalSection(SolutionProperties) = preSolution
		HideSolutionNode = FALSE
	EndGlobalSection
	GlobalSection(ExtensibilityGlobals) = postSolution
		SolutionGuid = {B6448B7F-AF23-485E-875A-2D9F4BC8DDD2}
	EndGlobalSection
EndGlobal
